
Microsoft Visual Studio Solution File, Format Version 12.00
# Visual Studio Version 17
VisualStudioVersion = 17.9.34616.47
MinimumVisualStudioVersion = 10.0.40219.1
Project("{FAE04EC0-301F-11D3-BF4B-00C04F79EFBC}") = "BookStoreApp.API", "BookStoreApp.API\BookStoreApp.API.csproj", "{D55C521F-F61A-4925-8115-22FB4A92C01F}"
EndProject
Global
	GlobalSection(SolutionConfigurationPlatforms) = preSolution
		Debug|Any CPU = Debug|Any CPU
		Release|Any CPU = Release|Any CPU
	EndGlobalSection
	GlobalSection(ProjectConfigurationPlatforms) = postSolution
		{D55C521F-F61A-4925-8115-22FB4A92C01F}.Debug|Any CPU.ActiveCfg = Debug|Any CPU
		{D55C521F-F61A-4925-8115-22FB4A92C01F}.Debug|Any CPU.Build.0 = Debug|Any CPU
		{D55C521F-F61A-4925-8115-22FB4A92C01F}.Release|Any CPU.ActiveCfg = Release|Any CPU
		{D55C521F-F61A-4925-8115-22FB4A92C01F}.Release|Any CPU.Build.0 = Release|Any CPU
	EndGlobalSection
	GlobalSection(SolutionProperties) = preSolution
		HideSolutionNode = FALSE
	EndGlobalSection
	GlobalSection(ExtensibilityGlobals) = postSolution
		SolutionGuid = {2513917E-F269-423F-818F-DF8BEA3C7CD5}
	EndGlobalSection
EndGlobal
